
Microsoft Visual Studio Solution File, Format Version 12.00
# Visual Studio Version 17
VisualStudioVersion = 17.5.33414.496
MinimumVisualStudioVersion = 10.0.40219.1
Project("{8BC9CEB8-8B4A-11D0-8D11-00A0C91BC942}") = "ex1p1", "ex1p1\ex1p1.vcxproj", "{6D30855A-3FD0-4134-8A07-9CC4EB22D930}"
EndProject
Project("{8BC9CEB8-8B4A-11D0-8D11-00A0C91BC942}") = "dsa", "dsa\dsa.vcxproj", "{EA96113F-9AE3-4789-A853-9FBFF6BEE465}"
EndProject
Project("{8BC9CEB8-8B4A-11D0-8D11-00A0C91BC942}") = "ex1p2", "ex1p2\ex1p2.vcxproj", "{469CF93A-E910-4CA8-AE2C-63DFDDEFFDB0}"
EndProject
Project("{8BC9CEB8-8B4A-11D0-8D11-00A0C91BC942}") = "ex1p3", "ex1p3\ex1p3.vcxproj", "{7EE7E10A-BA7E-40D1-83BF-55A6B6FE9429}"
EndProject
Project("{8BC9CEB8-8B4A-11D0-8D11-00A0C91BC942}") = "ex1p5", "ex1p5\ex1p5.vcxproj", "{937ABF6C-BC70-444E-91E2-6A7ABC13E8A1}"
EndProject
Project("{8BC9CEB8-8B4A-11D0-8D11-00A0C91BC942}") = "ex1p6", "ex1p6\ex1p6.vcxproj", "{BF80F2FC-F60B-4760-84A2-44CE8DBE8262}"
EndProject
Project("{8BC9CEB8-8B4A-11D0-8D11-00A0C91BC942}") = "ex1p7", "ex1p7\ex1p7.vcxproj", "{91786150-D8C3-4F73-BBC3-B3C329669010}"
EndProject
Project("{8BC9CEB8-8B4A-11D0-8D11-00A0C91BC942}") = "ex2p2", "ex2p2\ex2p2.vcxproj", "{5E7F968E-21A4-40DB-A070-DC00AE40D9D5}"
EndProject
Project("{8BC9CEB8-8B4A-11D0-8D11-00A0C91BC942}") = "ex2p3", "ex2p3\ex2p3.vcxproj", "{92AC86EE-7A24-49A5-A45B-B4ABD91D784E}"
EndProject
Project("{8BC9CEB8-8B4A-11D0-8D11-00A0C91BC942}") = "ex2p4", "ex2p4\ex2p4.vcxproj", "{3DB934AA-FA14-4244-9F7D-66A877E2BA08}"
EndProject
Project("{8BC9CEB8-8B4A-11D0-8D11-00A0C91BC942}") = "ex2p5", "ex2p5\ex2p5.vcxproj", "{2969374C-0B6A-4304-B1FA-BB0E208FE003}"
EndProject
Project("{8BC9CEB8-8B4A-11D0-8D11-00A0C91BC942}") = "ex2p6", "ex2p6\ex2p6.vcxproj", "{595EB5BF-CE7F-44BD-AE73-172E7C010A8E}"
EndProject
Project("{8BC9CEB8-8B4A-11D0-8D11-00A0C91BC942}") = "ex3p1", "ex3p1\ex3p1.vcxproj", "{21AAC08E-9E4B-4915-A5BC-1F730BF7B950}"
EndProject
Project("{8BC9CEB8-8B4A-11D0-8D11-00A0C91BC942}") = "ex3p2", "ex3p2\ex3p2.vcxproj", "{4D8C4BB5-5F08-4CB8-95C2-C3C773CD8FE7}"
EndProject
Project("{8BC9CEB8-8B4A-11D0-8D11-00A0C91BC942}") = "ex3p3", "ex3p3\ex3p3.vcxproj", "{1F81D671-BD8A-4E1D-9C41-DCC2EA4FC183}"
EndProject
Project("{8BC9CEB8-8B4A-11D0-8D11-00A0C91BC942}") = "ex4p2", "ex4p2\ex4p2.vcxproj", "{A51F08F7-61EB-4DDD-A269-1E056804A17E}"
EndProject
Project("{8BC9CEB8-8B4A-11D0-8D11-00A0C91BC942}") = "ex4p4", "ex4p4\ex4p4.vcxproj", "{19AD1138-5DC7-46AB-A8C9-1FDFE83CC87C}"
EndProject
Project("{8BC9CEB8-8B4A-11D0-8D11-00A0C91BC942}") = "ex4p5", "ex4p5\ex4p5.vcxproj", "{0D6D1803-73A1-4CE9-938D-56200DDA7A39}"
EndProject
Project("{8BC9CEB8-8B4A-11D0-8D11-00A0C91BC942}") = "ex5p1", "ex5p1\ex5p1.vcxproj", "{3134C966-3B9B-48C5-BBC2-FA4B990E3644}"
EndProject
Project("{8BC9CEB8-8B4A-11D0-8D11-00A0C91BC942}") = "ex5p3", "ex5p3\ex5p3.vcxproj", "{099946DA-8E32-499A-95B7-E692B00B05FA}"
EndProject
Project("{8BC9CEB8-8B4A-11D0-8D11-00A0C91BC942}") = "ex5p5", "ex5p5\ex5p5.vcxproj", "{70B0E6A8-E9AD-4297-B78A-BF1976E100B3}"
EndProject
Project("{8BC9CEB8-8B4A-11D0-8D11-00A0C91BC942}") = "ex3p4", "ex3p4\ex3p4.vcxproj", "{5119EA6E-4C15-48BF-9FB8-034FBEFD56DC}"
EndProject
Global
	GlobalSection(SolutionConfigurationPlatforms) = preSolution
		Debug|x64 = Debug|x64
		Debug|x86 = Debug|x86
		Release|x64 = Release|x64
		Release|x86 = Release|x86
	EndGlobalSection
	GlobalSection(ProjectConfigurationPlatforms) = postSolution
		{6D30855A-3FD0-4134-8A07-9CC4EB22D930}.Debug|x64.ActiveCfg = Debug|x64
		{6D30855A-3FD0-4134-8A07-9CC4EB22D930}.Debug|x64.Build.0 = Debug|x64
		{6D30855A-3FD0-4134-8A07-9CC4EB22D930}.Debug|x86.ActiveCfg = Debug|Win32
		{6D30855A-3FD0-4134-8A07-9CC4EB22D930}.Debug|x86.Build.0 = Debug|Win32
		{6D30855A-3FD0-4134-8A07-9CC4EB22D930}.Release|x64.ActiveCfg = Release|x64
		{6D30855A-3FD0-4134-8A07-9CC4EB22D930}.Release|x64.Build.0 = Release|x64
		{6D30855A-3FD0-4134-8A07-9CC4EB22D930}.Release|x86.ActiveCfg = Release|Win32
		{6D30855A-3FD0-4134-8A07-9CC4EB22D930}.Release|x86.Build.0 = Release|Win32
		{EA96113F-9AE3-4789-A853-9FBFF6BEE465}.Debug|x64.ActiveCfg = Debug|x64
		{EA96113F-9AE3-4789-A853-9FBFF6BEE465}.Debug|x64.Build.0 = Debug|x64
		{EA96113F-9AE3-4789-A853-9FBFF6BEE465}.Debug|x86.ActiveCfg = Debug|Win32
		{EA96113F-9AE3-4789-A853-9FBFF6BEE465}.Debug|x86.Build.0 = Debug|Win32
		{EA96113F-9AE3-4789-A853-9FBFF6BEE465}.Release|x64.ActiveCfg = Release|x64
		{EA96113F-9AE3-4789-A853-9FBFF6BEE465}.Release|x64.Build.0 = Release|x64
		{EA96113F-9AE3-4789-A853-9FBFF6BEE465}.Release|x86.ActiveCfg = Release|Win32
		{EA96113F-9AE3-4789-A853-9FBFF6BEE465}.Release|x86.Build.0 = Release|Win32
		{469CF93A-E910-4CA8-AE2C-63DFDDEFFDB0}.Debug|x64.ActiveCfg = Debug|x64
		{469CF93A-E910-4CA8-AE2C-63DFDDEFFDB0}.Debug|x64.Build.0 = Debug|x64
		{469CF93A-E910-4CA8-AE2C-63DFDDEFFDB0}.Debug|x86.ActiveCfg = Debug|Win32
		{469CF93A-E910-4CA8-AE2C-63DFDDEFFDB0}.Debug|x86.Build.0 = Debug|Win32
		{469CF93A-E910-4CA8-AE2C-63DFDDEFFDB0}.Release|x64.ActiveCfg = Release|x64
		{469CF93A-E910-4CA8-AE2C-63DFDDEFFDB0}.Release|x64.Build.0 = Release|x64
		{469CF93A-E910-4CA8-AE2C-63DFDDEFFDB0}.Release|x86.ActiveCfg = Release|Win32
		{469CF93A-E910-4CA8-AE2C-63DFDDEFFDB0}.Release|x86.Build.0 = Release|Win32
		{7EE7E10A-BA7E-40D1-83BF-55A6B6FE9429}.Debug|x64.ActiveCfg = Debug|x64
		{7EE7E10A-BA7E-40D1-83BF-55A6B6FE9429}.Debug|x64.Build.0 = Debug|x64
		{7EE7E10A-BA7E-40D1-83BF-55A6B6FE9429}.Debug|x86.ActiveCfg = Debug|Win32
		{7EE7E10A-BA7E-40D1-83BF-55A6B6FE9429}.Debug|x86.Build.0 = Debug|Win32
		{7EE7E10A-BA7E-40D1-83BF-55A6B6FE9429}.Release|x64.ActiveCfg = Release|x64
		{7EE7E10A-BA7E-40D1-83BF-55A6B6FE9429}.Release|x64.Build.0 = Release|x64
		{7EE7E10A-BA7E-40D1-83BF-55A6B6FE9429}.Release|x86.ActiveCfg = Release|Win32
		{7EE7E10A-BA7E-40D1-83BF-55A6B6FE9429}.Release|x86.Build.0 = Release|Win32
		{937ABF6C-BC70-444E-91E2-6A7ABC13E8A1}.Debug|x64.ActiveCfg = Debug|x64
		{937ABF6C-BC70-444E-91E2-6A7ABC13E8A1}.Debug|x64.Build.0 = Debug|x64
		{937ABF6C-BC70-444E-91E2-6A7ABC13E8A1}.Debug|x86.ActiveCfg = Debug|Win32
		{937ABF6C-BC70-444E-91E2-6A7ABC13E8A1}.Debug|x86.Build.0 = Debug|Win32
		{937ABF6C-BC70-444E-91E2-6A7ABC13E8A1}.Release|x64.ActiveCfg = Release|x64
		{937ABF6C-BC70-444E-91E2-6A7ABC13E8A1}.Release|x64.Build.0 = Release|x64
		{937ABF6C-BC70-444E-91E2-6A7ABC13E8A1}.Release|x86.ActiveCfg = Release|Win32
		{937ABF6C-BC70-444E-91E2-6A7ABC13E8A1}.Release|x86.Build.0 = Release|Win32
		{BF80F2FC-F60B-4760-84A2-44CE8DBE8262}.Debug|x64.ActiveCfg = Debug|x64
		{BF80F2FC-F60B-4760-84A2-44CE8DBE8262}.Debug|x64.Build.0 = Debug|x64
		{BF80F2FC-F60B-4760-84A2-44CE8DBE8262}.Debug|x86.ActiveCfg = Debug|Win32
		{BF80F2FC-F60B-4760-84A2-44CE8DBE8262}.Debug|x86.Build.0 = Debug|Win32
		{BF80F2FC-F60B-4760-84A2-44CE8DBE8262}.Release|x64.ActiveCfg = Release|x64
		{BF80F2FC-F60B-4760-84A2-44CE8DBE8262}.Release|x64.Build.0 = Release|x64
		{BF80F2FC-F60B-4760-84A2-44CE8DBE8262}.Release|x86.ActiveCfg = Release|Win32
		{BF80F2FC-F60B-4760-84A2-44CE8DBE8262}.Release|x86.Build.0 = Release|Win32
		{91786150-D8C3-4F73-BBC3-B3C329669010}.Debug|x64.ActiveCfg = Debug|x64
		{91786150-D8C3-4F73-BBC3-B3C329669010}.Debug|x64.Build.0 = Debug|x64
		{91786150-D8C3-4F73-BBC3-B3C329669010}.Debug|x86.ActiveCfg = Debug|Win32
		{91786150-D8C3-4F73-BBC3-B3C329669010}.Debug|x86.Build.0 = Debug|Win32
		{91786150-D8C3-4F73-BBC3-B3C329669010}.Release|x64.ActiveCfg = Release|x64
		{91786150-D8C3-4F73-BBC3-B3C329669010}.Release|x64.Build.0 = Release|x64
		{91786150-D8C3-4F73-BBC3-B3C329669010}.Release|x86.ActiveCfg = Release|Win32
		{91786150-D8C3-4F73-BBC3-B3C329669010}.Release|x86.Build.0 = Release|Win32
		{5E7F968E-21A4-40DB-A070-DC00AE40D9D5}.Debug|x64.ActiveCfg = Debug|x64
		{5E7F968E-21A4-40DB-A070-DC00AE40D9D5}.Debug|x64.Build.0 = Debug|x64
		{5E7F968E-21A4-40DB-A070-DC00AE40D9D5}.Debug|x86.ActiveCfg = Debug|Win32
		{5E7F968E-21A4-40DB-A070-DC00AE40D9D5}.Debug|x86.Build.0 = Debug|Win32
		{5E7F968E-21A4-40DB-A070-DC00AE40D9D5}.Release|x64.ActiveCfg = Release|x64
		{5E7F968E-21A4-40DB-A070-DC00AE40D9D5}.Release|x64.Build.0 = Release|x64
		{5E7F968E-21A4-40DB-A070-DC00AE40D9D5}.Release|x86.ActiveCfg = Release|Win32
		{5E7F968E-21A4-40DB-A070-DC00AE40D9D5}.Release|x86.Build.0 = Release|Win32
		{92AC86EE-7A24-49A5-A45B-B4ABD91D784E}.Debug|x64.ActiveCfg = Debug|x64
		{92AC86EE-7A24-49A5-A45B-B4ABD91D784E}.Debug|x64.Build.0 = Debug|x64
		{92AC86EE-7A24-49A5-A45B-B4ABD91D784E}.Debug|x86.ActiveCfg = Debug|Win32
		{92AC86EE-7A24-49A5-A45B-B4ABD91D784E}.Debug|x86.Build.0 = Debug|Win32
		{92AC86EE-7A24-49A5-A45B-B4ABD91D784E}.Release|x64.ActiveCfg = Release|x64
		{92AC86EE-7A24-49A5-A45B-B4ABD91D784E}.Release|x64.Build.0 = Release|x64
		{92AC86EE-7A24-49A5-A45B-B4ABD91D784E}.Release|x86.ActiveCfg = Release|Win32
		{92AC86EE-7A24-49A5-A45B-B4ABD91D784E}.Release|x86.Build.0 = Release|Win32
		{3DB934AA-FA14-4244-9F7D-66A877E2BA08}.Debug|x64.ActiveCfg = Debug|x64
		{3DB934AA-FA14-4244-9F7D-66A877E2BA08}.Debug|x64.Build.0 = Debug|x64
		{3DB934AA-FA14-4244-9F7D-66A877E2BA08}.Debug|x86.ActiveCfg = Debug|Win32
		{3DB934AA-FA14-4244-9F7D-66A877E2BA08}.Debug|x86.Build.0 = Debug|Win32
		{3DB934AA-FA14-4244-9F7D-66A877E2BA08}.Release|x64.ActiveCfg = Release|x64
		{3DB934AA-FA14-4244-9F7D-66A877E2BA08}.Release|x64.Build.0 = Release|x64
		{3DB934AA-FA14-4244-9F7D-66A877E2BA08}.Release|x86.ActiveCfg = Release|Win32
		{3DB934AA-FA14-4244-9F7D-66A877E2BA08}.Release|x86.Build.0 = Release|Win32
		{2969374C-0B6A-4304-B1FA-BB0E208FE003}.Debug|x64.ActiveCfg = Debug|x64
		{2969374C-0B6A-4304-B1FA-BB0E208FE003}.Debug|x64.Build.0 = Debug|x64
		{2969374C-0B6A-4304-B1FA-BB0E208FE003}.Debug|x86.ActiveCfg = Debug|Win32
		{2969374C-0B6A-4304-B1FA-BB0E208FE003}.Debug|x86.Build.0 = Debug|Win32
		{2969374C-0B6A-4304-B1FA-BB0E208FE003}.Release|x64.ActiveCfg = Release|x64
		{2969374C-0B6A-4304-B1FA-BB0E208FE003}.Release|x64.Build.0 = Release|x64
		{2969374C-0B6A-4304-B1FA-BB0E208FE003}.Release|x86.ActiveCfg = Release|Win32
		{2969374C-0B6A-4304-B1FA-BB0E208FE003}.Release|x86.Build.0 = Release|Win32
		{595EB5BF-CE7F-44BD-AE73-172E7C010A8E}.Debug|x64.ActiveCfg = Debug|x64
		{595EB5BF-CE7F-44BD-AE73-172E7C010A8E}.Debug|x64.Build.0 = Debug|x64
		{595EB5BF-CE7F-44BD-AE73-172E7C010A8E}.Debug|x86.ActiveCfg = Debug|Win32
		{595EB5BF-CE7F-44BD-AE73-172E7C010A8E}.Debug|x86.Build.0 = Debug|Win32
		{595EB5BF-CE7F-44BD-AE73-172E7C010A8E}.Release|x64.ActiveCfg = Release|x64
		{595EB5BF-CE7F-44BD-AE73-172E7C010A8E}.Release|x64.Build.0 = Release|x64
		{595EB5BF-CE7F-44BD-AE73-172E7C010A8E}.Release|x86.ActiveCfg = Release|Win32
		{595EB5BF-CE7F-44BD-AE73-172E7C010A8E}.Release|x86.Build.0 = Release|Win32
		{21AAC08E-9E4B-4915-A5BC-1F730BF7B950}.Debug|x64.ActiveCfg = Debug|x64
		{21AAC08E-9E4B-4915-A5BC-1F730BF7B950}.Debug|x64.Build.0 = Debug|x64
		{21AAC08E-9E4B-4915-A5BC-1F730BF7B950}.Debug|x86.ActiveCfg = Debug|Win32
		{21AAC08E-9E4B-4915-A5BC-1F730BF7B950}.Debug|x86.Build.0 = Debug|Win32
		{21AAC08E-9E4B-4915-A5BC-1F730BF7B950}.Release|x64.ActiveCfg = Release|x64
		{21AAC08E-9E4B-4915-A5BC-1F730BF7B950}.Release|x64.Build.0 = Release|x64
		{21AAC08E-9E4B-4915-A5BC-1F730BF7B950}.Release|x86.ActiveCfg = Release|Win32
		{21AAC08E-9E4B-4915-A5BC-1F730BF7B950}.Release|x86.Build.0 = Release|Win32
		{4D8C4BB5-5F08-4CB8-95C2-C3C773CD8FE7}.Debug|x64.ActiveCfg = Debug|x64
		{4D8C4BB5-5F08-4CB8-95C2-C3C773CD8FE7}.Debug|x64.Build.0 = Debug|x64
		{4D8C4BB5-5F08-4CB8-95C2-C3C773CD8FE7}.Debug|x86.ActiveCfg = Debug|Win32
		{4D8C4BB5-5F08-4CB8-95C2-C3C773CD8FE7}.Debug|x86.Build.0 = Debug|Win32
		{4D8C4BB5-5F08-4CB8-95C2-C3C773CD8FE7}.Release|x64.ActiveCfg = Release|x64
		{4D8C4BB5-5F08-4CB8-95C2-C3C773CD8FE7}.Release|x64.Build.0 = Release|x64
		{4D8C4BB5-5F08-4CB8-95C2-C3C773CD8FE7}.Release|x86.ActiveCfg = Release|Win32
		{4D8C4BB5-5F08-4CB8-95C2-C3C773CD8FE7}.Release|x86.Build.0 = Release|Win32
		{1F81D671-BD8A-4E1D-9C41-DCC2EA4FC183}.Debug|x64.ActiveCfg = Debug|x64
		{1F81D671-BD8A-4E1D-9C41-DCC2EA4FC183}.Debug|x64.Build.0 = Debug|x64
		{1F81D671-BD8A-4E1D-9C41-DCC2EA4FC183}.Debug|x86.ActiveCfg = Debug|Win32
		{1F81D671-BD8A-4E1D-9C41-DCC2EA4FC183}.Debug|x86.Build.0 = Debug|Win32
		{1F81D671-BD8A-4E1D-9C41-DCC2EA4FC183}.Release|x64.ActiveCfg = Release|x64
		{1F81D671-BD8A-4E1D-9C41-DCC2EA4FC183}.Release|x64.Build.0 = Release|x64
		{1F81D671-BD8A-4E1D-9C41-DCC2EA4FC183}.Release|x86.ActiveCfg = Release|Win32
		{1F81D671-BD8A-4E1D-9C41-DCC2EA4FC183}.Release|x86.Build.0 = Release|Win32
		{A51F08F7-61EB-4DDD-A269-1E056804A17E}.Debug|x64.ActiveCfg = Debug|x64
		{A51F08F7-61EB-4DDD-A269-1E056804A17E}.Debug|x64.Build.0 = Debug|x64
		{A51F08F7-61EB-4DDD-A269-1E056804A17E}.Debug|x86.ActiveCfg = Debug|Win32
		{A51F08F7-61EB-4DDD-A269-1E056804A17E}.Debug|x86.Build.0 = Debug|Win32
		{A51F08F7-61EB-4DDD-A269-1E056804A17E}.Release|x64.ActiveCfg = Release|x64
		{A51F08F7-61EB-4DDD-A269-1E056804A17E}.Release|x64.Build.0 = Release|x64
		{A51F08F7-61EB-4DDD-A269-1E056804A17E}.Release|x86.ActiveCfg = Release|Win32
		{A51F08F7-61EB-4DDD-A269-1E056804A17E}.Release|x86.Build.0 = Release|Win32
		{19AD1138-5DC7-46AB-A8C9-1FDFE83CC87C}.Debug|x64.ActiveCfg = Debug|x64
		{19AD1138-5DC7-46AB-A8C9-1FDFE83CC87C}.Debug|x64.Build.0 = Debug|x64
		{19AD1138-5DC7-46AB-A8C9-1FDFE83CC87C}.Debug|x86.ActiveCfg = Debug|Win32
		{19AD1138-5DC7-46AB-A8C9-1FDFE83CC87C}.Debug|x86.Build.0 = Debug|Win32
		{19AD1138-5DC7-46AB-A8C9-1FDFE83CC87C}.Release|x64.ActiveCfg = Release|x64
		{19AD1138-5DC7-46AB-A8C9-1FDFE83CC87C}.Release|x64.Build.0 = Release|x64
		{19AD1138-5DC7-46AB-A8C9-1FDFE83CC87C}.Release|x86.ActiveCfg = Release|Win32
		{19AD1138-5DC7-46AB-A8C9-1FDFE83CC87C}.Release|x86.Build.0 = Release|Win32
		{0D6D1803-73A1-4CE9-938D-56200DDA7A39}.Debug|x64.ActiveCfg = Debug|x64
		{0D6D1803-73A1-4CE9-938D-56200DDA7A39}.Debug|x64.Build.0 = Debug|x64
		{0D6D1803-73A1-4CE9-938D-56200DDA7A39}.Debug|x86.ActiveCfg = Debug|Win32
		{0D6D1803-73A1-4CE9-938D-56200DDA7A39}.Debug|x86.Build.0 = Debug|Win32
		{0D6D1803-73A1-4CE9-938D-56200DDA7A39}.Release|x64.ActiveCfg = Release|x64
		{0D6D1803-73A1-4CE9-938D-56200DDA7A39}.Release|x64.Build.0 = Release|x64
		{0D6D1803-73A1-4CE9-938D-56200DDA7A39}.Release|x86.ActiveCfg = Release|Win32
		{0D6D1803-73A1-4CE9-938D-56200DDA7A39}.Release|x86.Build.0 = Release|Win32
		{3134C966-3B9B-48C5-BBC2-FA4B990E3644}.Debug|x64.ActiveCfg = Debug|x64
		{3134C966-3B9B-48C5-BBC2-FA4B990E3644}.Debug|x64.Build.0 = Debug|x64
		{3134C966-3B9B-48C5-BBC2-FA4B990E3644}.Debug|x86.ActiveCfg = Debug|Win32
		{3134C966-3B9B-48C5-BBC2-FA4B990E3644}.Debug|x86.Build.0 = Debug|Win32
		{3134C966-3B9B-48C5-BBC2-FA4B990E3644}.Release|x64.ActiveCfg = Release|x64
		{3134C966-3B9B-48C5-BBC2-FA4B990E3644}.Release|x64.Build.0 = Release|x64
		{3134C966-3B9B-48C5-BBC2-FA4B990E3644}.Release|x86.ActiveCfg = Release|Win32
		{3134C966-3B9B-48C5-BBC2-FA4B990E3644}.Release|x86.Build.0 = Release|Win32
		{099946DA-8E32-499A-95B7-E692B00B05FA}.Debug|x64.ActiveCfg = Debug|x64
		{099946DA-8E32-499A-95B7-E692B00B05FA}.Debug|x64.Build.0 = Debug|x64
		{099946DA-8E32-499A-95B7-E692B00B05FA}.Debug|x86.ActiveCfg = Debug|Win32
		{099946DA-8E32-499A-95B7-E692B00B05FA}.Debug|x86.Build.0 = Debug|Win32
		{099946DA-8E32-499A-95B7-E692B00B05FA}.Release|x64.ActiveCfg = Release|x64
		{099946DA-8E32-499A-95B7-E692B00B05FA}.Release|x64.Build.0 = Release|x64
		{099946DA-8E32-499A-95B7-E692B00B05FA}.Release|x86.ActiveCfg = Release|Win32
		{099946DA-8E32-499A-95B7-E692B00B05FA}.Release|x86.Build.0 = Release|Win32
		{70B0E6A8-E9AD-4297-B78A-BF1976E100B3}.Debug|x64.ActiveCfg = Debug|x64
		{70B0E6A8-E9AD-4297-B78A-BF1976E100B3}.Debug|x64.Build.0 = Debug|x64
		{70B0E6A8-E9AD-4297-B78A-BF1976E100B3}.Debug|x86.ActiveCfg = Debug|Win32
		{70B0E6A8-E9AD-4297-B78A-BF1976E100B3}.Debug|x86.Build.0 = Debug|Win32
		{70B0E6A8-E9AD-4297-B78A-BF1976E100B3}.Release|x64.ActiveCfg = Release|x64
		{70B0E6A8-E9AD-4297-B78A-BF1976E100B3}.Release|x64.Build.0 = Release|x64
		{70B0E6A8-E9AD-4297-B78A-BF1976E100B3}.Release|x86.ActiveCfg = Release|Win32
		{70B0E6A8-E9AD-4297-B78A-BF1976E100B3}.Release|x86.Build.0 = Release|Win32
		{5119EA6E-4C15-48BF-9FB8-034FBEFD56DC}.Debug|x64.ActiveCfg = Debug|x64
		{5119EA6E-4C15-48BF-9FB8-034FBEFD56DC}.Debug|x64.Build.0 = Debug|x64
		{5119EA6E-4C15-48BF-9FB8-034FBEFD56DC}.Debug|x86.ActiveCfg = Debug|Win32
		{5119EA6E-4C15-48BF-9FB8-034FBEFD56DC}.Debug|x86.Build.0 = Debug|Win32
		{5119EA6E-4C15-48BF-9FB8-034FBEFD56DC}.Release|x64.ActiveCfg = Release|x64
		{5119EA6E-4C15-48BF-9FB8-034FBEFD56DC}.Release|x64.Build.0 = Release|x64
		{5119EA6E-4C15-48BF-9FB8-034FBEFD56DC}.Release|x86.ActiveCfg = Release|Win32
		{5119EA6E-4C15-48BF-9FB8-034FBEFD56DC}.Release|x86.Build.0 = Release|Win32
	EndGlobalSection
	GlobalSection(SolutionProperties) = preSolution
		HideSolutionNode = FALSE
	EndGlobalSection
	GlobalSection(ExtensibilityGlobals) = postSolution
		SolutionGuid = {292A6664-24EE-4BED-8C46-DCB1CCB3E4CD}
	EndGlobalSection
EndGlobal
